github.com/peterhagelund/go-v4l2 v0.0.6 h1:+b4GmaPQrhv6xK/KHK2hNgxbgkHrrKyoCPaLja4WQfA=
github.com/peterhagelund/go-v4l2 v0.0.6/go.mod h1:lggI3F9HdTVXGTcq5M0w1UG7TH7tkuHJZVbgj1VXU1U=
golang.org/x/sys v0.0.0-20200331124033-c3d80250170d h1:nc5K6ox/4lTFbMVSL9WRR81ixkcwXThoiF6yf+R9scA=
golang.org/x/sys v0.0.0-20200331124033-c3d80250170d/go.mod h1:h1NjWce9XRLGQEsW7wpKNCjG9DtNlClVuFLEZdDNbEs=
